
Microsoft Visual Studio Solution File, Format Version 12.00
# Visual Studio Version 17
VisualStudioVersion = 17.13.35806.99 d17.13
MinimumVisualStudioVersion = 10.0.40219.1
Project("{888888A0-9F3D-457C-B088-3A5042F75D52}") = "Dataset", "Dataset\Dataset.pyproj", "{6892FFF3-813D-47C0-8A27-C14334E80279}"
EndProject
Global
	GlobalSection(SolutionConfigurationPlatforms) = preSolution
		Debug|Any CPU = Debug|Any CPU
		Release|Any CPU = Release|Any CPU
	EndGlobalSection
	GlobalSection(ProjectConfigurationPlatforms) = postSolution
		{6892FFF3-813D-47C0-8A27-C14334E80279}.Debug|Any CPU.ActiveCfg = Debug|Any CPU
		{6892FFF3-813D-47C0-8A27-C14334E80279}.Release|Any CPU.ActiveCfg = Release|Any CPU
	EndGlobalSection
	GlobalSection(SolutionProperties) = preSolution
		HideSolutionNode = FALSE
	EndGlobalSection
	GlobalSection(ExtensibilityGlobals) = postSolution
		SolutionGuid = {021DC1E7-8AEF-444C-B26A-BB63A97A0C77}
	EndGlobalSection
EndGlobal
